
Microsoft Visual Studio Solution File, Format Version 12.00
# Visual Studio Version 17
VisualStudioVersion = 17.14.36429.23 d17.14
MinimumVisualStudioVersion = 10.0.40219.1
Project("{FAE04EC0-301F-11D3-BF4B-00C04F79EFBC}") = "BookListView", "BookListView\BookListView.csproj", "{7D4228E7-2595-4A7F-AF93-BDB8E58641F5}"
EndProject
Global
	GlobalSection(SolutionConfigurationPlatforms) = preSolution
		Debug|Any CPU = Debug|Any CPU
		Release|Any CPU = Release|Any CPU
	EndGlobalSection
	GlobalSection(ProjectConfigurationPlatforms) = postSolution
		{7D4228E7-2595-4A7F-AF93-BDB8E58641F5}.Debug|Any CPU.ActiveCfg = Debug|Any CPU
		{7D4228E7-2595-4A7F-AF93-BDB8E58641F5}.Debug|Any CPU.Build.0 = Debug|Any CPU
		{7D4228E7-2595-4A7F-AF93-BDB8E58641F5}.Release|Any CPU.ActiveCfg = Release|Any CPU
		{7D4228E7-2595-4A7F-AF93-BDB8E58641F5}.Release|Any CPU.Build.0 = Release|Any CPU
	EndGlobalSection
	GlobalSection(SolutionProperties) = preSolution
		HideSolutionNode = FALSE
	EndGlobalSection
	GlobalSection(ExtensibilityGlobals) = postSolution
		SolutionGuid = {1CDEBC83-9147-4B3E-9F82-CC9EFCC2DC19}
	EndGlobalSection
EndGlobal
